
Microsoft Visual Studio Solution File, Format Version 12.00
# Visual Studio Version 16
VisualStudioVersion = 16.0.31112.23
MinimumVisualStudioVersion = 10.0.40219.1
Project("{9A19103F-16F7-4668-BE54-9A1E7A4F7556}") = "WebShipPort", "WebApplication\WebShipPort.csproj", "{F85B14C7-C050-4DE8-86F3-8977A55258A4}"
EndProject
Project("{9A19103F-16F7-4668-BE54-9A1E7A4F7556}") = "Entities", "Entities\Entities.csproj", "{AFC96476-D466-4FA8-BCEA-39960EF8FCC0}"
EndProject
Global
	GlobalSection(SolutionConfigurationPlatforms) = preSolution
		Debug|Any CPU = Debug|Any CPU
		Release|Any CPU = Release|Any CPU
	EndGlobalSection
	GlobalSection(ProjectConfigurationPlatforms) = postSolution
		{F85B14C7-C050-4DE8-86F3-8977A55258A4}.Debug|Any CPU.ActiveCfg = Debug|Any CPU
		{F85B14C7-C050-4DE8-86F3-8977A55258A4}.Debug|Any CPU.Build.0 = Debug|Any CPU
		{F85B14C7-C050-4DE8-86F3-8977A55258A4}.Release|Any CPU.ActiveCfg = Release|Any CPU
		{F85B14C7-C050-4DE8-86F3-8977A55258A4}.Release|Any CPU.Build.0 = Release|Any CPU
		{AFC96476-D466-4FA8-BCEA-39960EF8FCC0}.Debug|Any CPU.ActiveCfg = Debug|Any CPU
		{AFC96476-D466-4FA8-BCEA-39960EF8FCC0}.Debug|Any CPU.Build.0 = Debug|Any CPU
		{AFC96476-D466-4FA8-BCEA-39960EF8FCC0}.Release|Any CPU.ActiveCfg = Release|Any CPU
		{AFC96476-D466-4FA8-BCEA-39960EF8FCC0}.Release|Any CPU.Build.0 = Release|Any CPU
	EndGlobalSection
	GlobalSection(SolutionProperties) = preSolution
		HideSolutionNode = FALSE
	EndGlobalSection
	GlobalSection(ExtensibilityGlobals) = postSolution
		SolutionGuid = {976DDC21-C168-48F0-83DB-4B8F38BF1A8C}
	EndGlobalSection
EndGlobal
