
Microsoft Visual Studio Solution File, Format Version 12.00
# Visual Studio Version 16
VisualStudioVersion = 16.0.31112.23
MinimumVisualStudioVersion = 10.0.40219.1
Project("{9A19103F-16F7-4668-BE54-9A1E7A4F7556}") = "WebShipPort", "WebApplication\WebShipPort.csproj", "{F85B14C7-C050-4DE8-86F3-8977A55258A4}"
EndProject
Project("{9A19103F-16F7-4668-BE54-9A1E7A4F7556}") = "DataLayer", "Repository\DataLayer.csproj", "{40C295C7-862A-40BE-858A-A655A3983047}"
EndProject
Project("{9A19103F-16F7-4668-BE54-9A1E7A4F7556}") = "Core", "Core\Core.csproj", "{77343212-38A9-4BC3-8057-75664CD5A20A}"
EndProject
Project("{FAE04EC0-301F-11D3-BF4B-00C04F79EFBC}") = "Core.Test", "Core.Test\Core.Test.csproj", "{CE0DD8AC-0AFD-41A7-84AC-2A7089261EAC}"
EndProject
Global
	GlobalSection(SolutionConfigurationPlatforms) = preSolution
		Debug|Any CPU = Debug|Any CPU
		Release|Any CPU = Release|Any CPU
	EndGlobalSection
	GlobalSection(ProjectConfigurationPlatforms) = postSolution
		{F85B14C7-C050-4DE8-86F3-8977A55258A4}.Debug|Any CPU.ActiveCfg = Debug|Any CPU
		{F85B14C7-C050-4DE8-86F3-8977A55258A4}.Debug|Any CPU.Build.0 = Debug|Any CPU
		{F85B14C7-C050-4DE8-86F3-8977A55258A4}.Release|Any CPU.ActiveCfg = Release|Any CPU
		{F85B14C7-C050-4DE8-86F3-8977A55258A4}.Release|Any CPU.Build.0 = Release|Any CPU
		{40C295C7-862A-40BE-858A-A655A3983047}.Debug|Any CPU.ActiveCfg = Debug|Any CPU
		{40C295C7-862A-40BE-858A-A655A3983047}.Debug|Any CPU.Build.0 = Debug|Any CPU
		{40C295C7-862A-40BE-858A-A655A3983047}.Release|Any CPU.ActiveCfg = Release|Any CPU
		{40C295C7-862A-40BE-858A-A655A3983047}.Release|Any CPU.Build.0 = Release|Any CPU
		{77343212-38A9-4BC3-8057-75664CD5A20A}.Debug|Any CPU.ActiveCfg = Debug|Any CPU
		{77343212-38A9-4BC3-8057-75664CD5A20A}.Debug|Any CPU.Build.0 = Debug|Any CPU
		{77343212-38A9-4BC3-8057-75664CD5A20A}.Release|Any CPU.ActiveCfg = Release|Any CPU
		{77343212-38A9-4BC3-8057-75664CD5A20A}.Release|Any CPU.Build.0 = Release|Any CPU
		{CE0DD8AC-0AFD-41A7-84AC-2A7089261EAC}.Debug|Any CPU.ActiveCfg = Debug|Any CPU
		{CE0DD8AC-0AFD-41A7-84AC-2A7089261EAC}.Debug|Any CPU.Build.0 = Debug|Any CPU
		{CE0DD8AC-0AFD-41A7-84AC-2A7089261EAC}.Release|Any CPU.ActiveCfg = Release|Any CPU
		{CE0DD8AC-0AFD-41A7-84AC-2A7089261EAC}.Release|Any CPU.Build.0 = Release|Any CPU
	EndGlobalSection
	GlobalSection(SolutionProperties) = preSolution
		HideSolutionNode = FALSE
	EndGlobalSection
	GlobalSection(ExtensibilityGlobals) = postSolution
		SolutionGuid = {976DDC21-C168-48F0-83DB-4B8F38BF1A8C}
	EndGlobalSection
EndGlobal
